
Microsoft Visual Studio Solution File, Format Version 12.00
# Visual Studio 15
VisualStudioVersion = 15.0.28307.1340
MinimumVisualStudioVersion = 10.0.40219.1
Project("{F184B08F-C81C-45F6-A57F-5ABD9991F28F}") = "tic-tac-toe", "tic-tac-toe\tic-tac-toe.vbproj", "{CD15464D-A570-4684-923E-DD91C4F28FD7}"
EndProject
Global
	GlobalSection(SolutionConfigurationPlatforms) = preSolution
		Debug|Any CPU = Debug|Any CPU
		Release|Any CPU = Release|Any CPU
	EndGlobalSection
	GlobalSection(ProjectConfigurationPlatforms) = postSolution
		{CD15464D-A570-4684-923E-DD91C4F28FD7}.Debug|Any CPU.ActiveCfg = Debug|Any CPU
		{CD15464D-A570-4684-923E-DD91C4F28FD7}.Debug|Any CPU.Build.0 = Debug|Any CPU
		{CD15464D-A570-4684-923E-DD91C4F28FD7}.Release|Any CPU.ActiveCfg = Release|Any CPU
		{CD15464D-A570-4684-923E-DD91C4F28FD7}.Release|Any CPU.Build.0 = Release|Any CPU
	EndGlobalSection
	GlobalSection(SolutionProperties) = preSolution
		HideSolutionNode = FALSE
	EndGlobalSection
	GlobalSection(ExtensibilityGlobals) = postSolution
		SolutionGuid = {102AA3B4-2438-4119-926B-D0CE6DC33B1C}
	EndGlobalSection
EndGlobal
